// !$*UTF8*$!
{
	archiveVersion = 1;
	classes = {
	};
	objectVersion = 46;
	objects = {

/* Begin PBXBuildFile section */
		B34CDB8F1ED2ED8E00AF2E50 /* main.cpp in Sources */ = {isa = PBXBuildFile; fileRef = B34CDB8E1ED2ED8E00AF2E50 /* main.cpp */; };
/* End PBXBuildFile section */

/* Begin PBXCopyFilesBuildPhase section */
		B34CDB891ED2ED8E00AF2E50 /* CopyFiles */ = {
			isa = PBXCopyFilesBuildPhase;
			buildActionMask = 2147483647;
			dstPath = /usr/share/man/man1/;
			dstSubfolderSpec = 0;
			files = (
			);
			runOnlyForDeploymentPostprocessing = 1;
		};
/* End PBXCopyFilesBuildPhase section */

/* Begin PBXFileReference section */
		B34CDB8B1ED2ED8E00AF2E50 /* 10019_Funny_Encryption_Method */ = {isa = PBXFileReference; explicitFileType = "compiled.mach-o.executable"; includeInIndex = 0; path = 10019_Funny_Encryption_Method; sourceTree = BUILT_PRODUCTS_DIR; };
		B34CDB8E1ED2ED8E00AF2E50 /* main.cpp */ = {isa = PBXFileReference; lastKnownFileType = sourcecode.cpp.cpp; path = main.cpp; sourceTree = "<group>"; };
/* End PBXFileReference section */

/* Begin PBXFrameworksBuildPhase section */
		B34CDB881ED2ED8E00AF2E50 /* Frameworks */ = {
			isa = PBXFrameworksBuildPhase;
			buildActionMask = 2147483647;
			files = (
			);
			runOnlyForDeploymentPostprocessing = 0;
		};
/* End PBXFrameworksBuildPhase section */

/* Begin PBXGroup section */
		B34CDB821ED2ED8E00AF2E50 = {
			isa = PBXGroup;
			children = (
				B34CDB8D1ED2ED8E00AF2E50 /* 10019_Funny_Encryption_Method */,
				B34CDB8C1ED2ED8E00AF2E50 /* Products */,
			);
			sourceTree = "<group>";
		};
		B34CDB8C1ED2ED8E00AF2E50 /* Products */ = {
			isa = PBXGroup;
			children = (
				B34CDB8B1ED2ED8E00AF2E50 /* 10019_Funny_Encryption_Method */,
			);
			name = Products;
			sourceTree = "<group>";
		};
		B34CDB8D1ED2ED8E00AF2E50 /* 10019_Funny_Encryption_Method */ = {
			isa = PBXGroup;
			children = (
				B34CDB8E1ED2ED8E00AF2E50 /* main.cpp */,
			);
			path = 10019_Funny_Encryption_Method;
			sourceTree = "<group>";
		};
/* End PBXGroup section */

/* Begin PBXNativeTarget section */
		B34CDB8A1ED2ED8E00AF2E50 /* 10019_Funny_Encryption_Method */ = {
			isa = PBXNativeTarget;
			buildConfigurationList = B34CDB921ED2ED8E00AF2E50 /* Build configuration list for PBXNativeTarget "10019_Funny_Encryption_Method" */;
			buildPhases = (
				B34CDB871ED2ED8E00AF2E50 /* Sources */,
				B34CDB881ED2ED8E00AF2E50 /* Frameworks */,
				B34CDB891ED2ED8E00AF2E50 /* CopyFiles */,
			);
			buildRules = (
			);
			dependencies = (
			);
			name = 10019_Funny_Encryption_Method;
			productName = 10019_Funny_Encryption_Method;
			productReference = B34CDB8B1ED2ED8E00AF2E50 /* 10019_Funny_Encryption_Method */;
			productType = "com.apple.product-type.tool";
		};
/* End PBXNativeTarget section */

/* Begin PBXProject section */
		B34CDB831ED2ED8E00AF2E50 /* Project object */ = {
			isa = PBXProject;
			attributes = {
				LastUpgradeCheck = 0830;
				ORGANIZATIONNAME = RodrigoFigueroa;
				TargetAttributes = {
					B34CDB8A1ED2ED8E00AF2E50 = {
						CreatedOnToolsVersion = 8.3.2;
						DevelopmentTeam = E5T955EFEX;
						ProvisioningStyle = Automatic;
					};
				};
			};
			buildConfigurationList = B34CDB861ED2ED8E00AF2E50 /* Build configuration list for PBXProject "10019_Funny_Encryption_Method" */;
			compatibilityVersion = "Xcode 3.2";
			developmentRegion = English;
			hasScannedForEncodings = 0;
			knownRegions = (
				en,
			);
			mainGroup = B34CDB821ED2ED8E00AF2E50;
			productRefGroup = B34CDB8C1ED2ED8E00AF2E50 /* Products */;
			projectDirPath = "";
			projectRoot = "";
			targets = (
				B34CDB8A1ED2ED8E00AF2E50 /* 10019_Funny_Encryption_Method */,
			);
		};
/* End PBXProject section */

/* Begin PBXSourcesBuildPhase section */
		B34CDB871ED2ED8E00AF2E50 /* Sources */ = {
			isa = PBXSourcesBuildPhase;
			buildActionMask = 2147483647;
			files = (
				B34CDB8F1ED2ED8E00AF2E50 /* main.cpp in Sources */,
			);
			runOnlyForDeploymentPostprocessing = 0;
		};
/* End PBXSourcesBuildPhase section */

/* Begin XCBuildConfiguration section */
		B34CDB901ED2ED8E00AF2E50 /* Debug */ = {
			isa = XCBuildConfiguration;
			buildSettings = {
				ALWAYS_SEARCH_USER_PATHS = NO;
				CLANG_ANALYZER_NONNULL = YES;
				CLANG_ANALYZER_NUMBER_OBJECT_CONVERSION = YES_AGGRESSIVE;
				CLANG_CXX_LANGUAGE_STANDARD = "gnu++0x";
				CLANG_CXX_LIBRARY = "libc++";
				CLANG_ENABLE_MODULES = YES;
				CLANG_ENABLE_OBJC_ARC = YES;
				CLANG_WARN_BOOL_CONVERSION = YES;
				CLANG_WARN_CONSTANT_CONVERSION = YES;
				CLANG_WARN_DIRECT_OBJC_ISA_USAGE = YES_ERROR;
				CLANG_WARN_DOCUMENTATION_COMMENTS = YES;
				CLANG_WARN_EMPTY_BODY = YES;
				CLANG_WARN_ENUM_CONVERSION = YES;
				CLANG_WARN_INFINITE_RECURSION = YES;
				CLANG_WARN_INT_CONVERSION = YES;
				CLANG_WARN_OBJC_ROOT_CLASS = YES_ERROR;
				CLANG_WARN_SUSPICIOUS_MOVE = YES;
				CLANG_WARN_UNREACHABLE_CODE = YES;
				CLANG_WARN__DUPLICATE_METHOD_MATCH = YES;
				CODE_SIGN_IDENTITY = "-";
				COPY_PHASE_STRIP = NO;
				DEBUG_INFORMATION_FORMAT = dwarf;
				ENABLE_STRICT_OBJC_MSGSEND = YES;
				ENABLE_TESTABILITY = YES;
				GCC_C_LANGUAGE_STANDARD = gnu99;
				GCC_DYNAMIC_NO_PIC = NO;
				GCC_NO_COMMON_BLOCKS = YES;
				GCC_OPTIMIZATION_LEVEL = 0;
				GCC_PREPROCESSOR_DEFINITIONS = (
					"DEBUG=1",
					"$(inherited)",
				);
				GCC_WARN_64_TO_32_BIT_CONVERSION = YES;
				GCC_WARN_ABOUT_RETURN_TYPE = YES_ERROR;
				GCC_WARN_UNDECLARED_SELECTOR = YES;
				GCC_WARN_UNINITIALIZED_AUTOS = YES_AGGRESSIVE;
				GCC_WARN_UNUSED_FUNCTION = YES;
				GCC_WARN_UNUSED_VARIABLE = YES;
				MACOSX_DEPLOYMENT_TARGET = 10.12;
				MTL_ENABLE_DEBUG_INFO = YES;
				ONLY_ACTIVE_ARCH = YES;
				SDKROOT = macosx;
			};
			name = Debug;
		};
		B34CDB911ED2ED8E00AF2E50 /* Release */ = {
			isa = XCBuildConfiguration;
			buildSettings = {
				ALWAYS_SEARCH_USER_PATHS = NO;
				CLANG_ANALYZER_NONNULL = YES;
				CLANG_ANALYZER_NUMBER_OBJECT_CONVERSION = YES_AGGRESSIVE;
				CLANG_CXX_LANGUAGE_STANDARD = "gnu++0x";
				CLANG_CXX_LIBRARY = "libc++";
				CLANG_ENABLE_MODULES = YES;
				CLANG_ENABLE_OBJC_ARC = YES;
				CLANG_WARN_BOOL_CONVERSION = YES;
				CLANG_WARN_CONSTANT_CONVERSION = YES;
				CLANG_WARN_DIRECT_OBJC_ISA_USAGE = YES_ERROR;
				CLANG_WARN_DOCUMENTATION_COMMENTS = YES;
				CLANG_WARN_EMPTY_BODY = YES;
				CLANG_WARN_ENUM_CONVERSION = YES;
				CLANG_WARN_INFINITE_RECURSION = YES;
				CLANG_WARN_INT_CONVERSION = YES;
				CLANG_WARN_OBJC_ROOT_CLASS = YES_ERROR;
				CLANG_WARN_SUSPICIOUS_MOVE = YES;
				CLANG_WARN_UNREACHABLE_CODE = YES;
				CLANG_WARN__DUPLICATE_METHOD_MATCH = YES;
				CODE_SIGN_IDENTITY = "-";
				COPY_PHASE_STRIP = NO;
				DEBUG_INFORMATION_FORMAT = "dwarf-with-dsym";
				ENABLE_NS_ASSERTIONS = NO;
				ENABLE_STRICT_OBJC_MSGSEND = YES;
				GCC_C_LANGUAGE_STANDARD = gnu99;
				GCC_NO_COMMON_BLOCKS = YES;
				GCC_WARN_64_TO_32_BIT_CONVERSION = YES;
				GCC_WARN_ABOUT_RETURN_TYPE = YES_ERROR;
				GCC_WARN_UNDECLARED_SELECTOR = YES;
				GCC_WARN_UNINITIALIZED_AUTOS = YES_AGGRESSIVE;
				GCC_WARN_UNUSED_FUNCTION = YES;
				GCC_WARN_UNUSED_VARIABLE = YES;
				MACOSX_DEPLOYMENT_TARGET = 10.12;
				MTL_ENABLE_DEBUG_INFO = NO;
				SDKROOT = macosx;
			};
			name = Release;
		};
		B34CDB931ED2ED8E00AF2E50 /* Debug */ = {
			isa = XCBuildConfiguration;
			buildSettings = {
				DEVELOPMENT_TEAM = E5T955EFEX;
				PRODUCT_NAME = "$(TARGET_NAME)";
			};
			name = Debug;
		};
		B34CDB941ED2ED8E00AF2E50 /* Release */ = {
			isa = XCBuildConfiguration;
			buildSettings = {
				DEVELOPMENT_TEAM = E5T955EFEX;
				PRODUCT_NAME = "$(TARGET_NAME)";
			};
			name = Release;
		};
/* End XCBuildConfiguration section */

/* Begin XCConfigurationList section */
		B34CDB861ED2ED8E00AF2E50 /* Build configuration list for PBXProject "10019_Funny_Encryption_Method" */ = {
			isa = XCConfigurationList;
			buildConfigurations = (
				B34CDB901ED2ED8E00AF2E50 /* Debug */,
				B34CDB911ED2ED8E00AF2E50 /* Release */,
			);
			defaultConfigurationIsVisible = 0;
			defaultConfigurationName = Release;
		};
		B34CDB921ED2ED8E00AF2E50 /* Build configuration list for PBXNativeTarget "10019_Funny_Encryption_Method" */ = {
			isa = XCConfigurationList;
			buildConfigurations = (
				B34CDB931ED2ED8E00AF2E50 /* Debug */,
				B34CDB941ED2ED8E00AF2E50 /* Release */,
			);
			defaultConfigurationIsVisible = 0;
		};
/* End XCConfigurationList section */
	};
	rootObject = B34CDB831ED2ED8E00AF2E50 /* Project object */;
}
